
Microsoft Visual Studio Solution File, Format Version 12.00
# Visual Studio Version 16
VisualStudioVersion = 16.0.31025.194
MinimumVisualStudioVersion = 10.0.40219.1
Project("{9A19103F-16F7-4668-BE54-9A1E7A4F7556}") = "Windows API by MainDen", "Windows API by MainDen\Windows API by MainDen.csproj", "{8935B226-E4FC-46FA-BD57-D411F8D8CAF0}"
EndProject
Project("{9A19103F-16F7-4668-BE54-9A1E7A4F7556}") = "Windows Interception by MainDen", "Windows Interception by MainDen\Windows Interception by MainDen.csproj", "{840B9EF4-C11A-4BCF-8D02-69C1618AF723}"
EndProject
Project("{9A19103F-16F7-4668-BE54-9A1E7A4F7556}") = "Windows Emulation by MainDen", "Windows Emulation by MainDen\Windows Emulation by MainDen.csproj", "{6AA8DD82-3087-40F6-949A-88A9E60E44B3}"
EndProject
Global
	GlobalSection(SolutionConfigurationPlatforms) = preSolution
		Debug|Any CPU = Debug|Any CPU
		Release|Any CPU = Release|Any CPU
	EndGlobalSection
	GlobalSection(ProjectConfigurationPlatforms) = postSolution
		{8935B226-E4FC-46FA-BD57-D411F8D8CAF0}.Debug|Any CPU.ActiveCfg = Debug|Any CPU
		{8935B226-E4FC-46FA-BD57-D411F8D8CAF0}.Debug|Any CPU.Build.0 = Debug|Any CPU
		{8935B226-E4FC-46FA-BD57-D411F8D8CAF0}.Release|Any CPU.ActiveCfg = Release|Any CPU
		{8935B226-E4FC-46FA-BD57-D411F8D8CAF0}.Release|Any CPU.Build.0 = Release|Any CPU
		{840B9EF4-C11A-4BCF-8D02-69C1618AF723}.Debug|Any CPU.ActiveCfg = Debug|Any CPU
		{840B9EF4-C11A-4BCF-8D02-69C1618AF723}.Debug|Any CPU.Build.0 = Debug|Any CPU
		{840B9EF4-C11A-4BCF-8D02-69C1618AF723}.Release|Any CPU.ActiveCfg = Release|Any CPU
		{840B9EF4-C11A-4BCF-8D02-69C1618AF723}.Release|Any CPU.Build.0 = Release|Any CPU
		{6AA8DD82-3087-40F6-949A-88A9E60E44B3}.Debug|Any CPU.ActiveCfg = Debug|Any CPU
		{6AA8DD82-3087-40F6-949A-88A9E60E44B3}.Debug|Any CPU.Build.0 = Debug|Any CPU
		{6AA8DD82-3087-40F6-949A-88A9E60E44B3}.Release|Any CPU.ActiveCfg = Release|Any CPU
		{6AA8DD82-3087-40F6-949A-88A9E60E44B3}.Release|Any CPU.Build.0 = Release|Any CPU
	EndGlobalSection
	GlobalSection(SolutionProperties) = preSolution
		HideSolutionNode = FALSE
	EndGlobalSection
	GlobalSection(ExtensibilityGlobals) = postSolution
		SolutionGuid = {1F962B02-8F3D-4320-B3A5-3C59FD712040}
	EndGlobalSection
EndGlobal
